{
  "nodes": {
    "fixtures": {
      "inputs": {
        "nixpkgs": "nixpkgs_2"
      },
      "locked": {
        "lastModified": 1788718575,
        "narHash": "sha256-AisPV7nMpHaVvs9hTLOMjzjIEHAGw2hFEcl6DeV1SD4=",
        "path": "/root/src/pointy-lang/fixtures/flake",
        "type": "path"
      },
      "original": {
        "path": "/root/src/pointy-lang/fixtures/flake",
        "type": "path"
      }
    },
    "flake-parts": {
      "inputs": {
        "nixpkgs-lib": "nixpkgs-lib"
      },
      "locked": {
        "lastModified": 1788450739,
        "narHash": "sha256-glZLQlzIn1fXH6PazR2iUmTo7kzzyYSshrWhLS9TqCU=",
        "owner": "hercules-ci",
        "repo": "flake-parts",
        "rev": "31729ca8cbdb4fa927b34e5f4353e6a83f39e993",
        "type": "github"
      },
      "original": {
        "owner": "hercules-ci",
        "repo": "flake-parts",
        "type": "github"
      }
    },
    "flake-parts_2": {
      "inputs": {
        "nixpkgs-lib": "nixpkgs-lib_2"
      },
      "locked": {
        "lastModified": 1788450739,
        "narHash": "sha256-glZLQlzIn1fXH6PazR2iUmTo7kzzyYSshrWhLS9TqCU=",
        "owner": "hercules-ci",
        "repo": "flake-parts",
        "rev": "31729ca8cbdb4fa927b34e5f4353e6a83f39e993",
        "type": "github"
      },
      "original": {
        "owner": "hercules-ci",
        "repo": "flake-parts",
        "type": "github"
      }
    },
    "flake-parts_3": {
      "inputs": {
        "nixpkgs-lib": "nixpkgs-lib_3"
      },
      "locked": {
        "lastModified": 1772408722,
        "narHash": "sha256-rHuJtdcOjK7rAHpHphUb1iCvgkU3GpfvicLMwwnfMT0=",
        "owner": "hercules-ci",
        "repo": "flake-parts",
        "rev": "f20dc5d9b8027381c474144ecabc9034d6a839a3",
        "type": "github"
      },
      "original": {
        "owner": "hercules-ci",
        "repo": "flake-parts",
        "type": "github"
      }
    },
    "nixpkgs": {
      "locked": {
        "lastModified": 1788823811,
        "narHash": "sha256-EDg/CJvIqSnCobkTcrzNx49gQtLGKqSnjVJy+H1Bxrw=",
        "owner": "NixOS",
        "repo": "nixpkgs",
        "rev": "15721fe9a43a1548816cd235ae287eca32608452",
        "type": "github"
      },
      "original": {
        "owner": "NixOS",
        "repo": "nixpkgs",
        "type": "github"
      }
    },
    "nixpkgs-lib": {
      "locked": {
        "lastModified": 1788057806,
        "narHash": "sha256-DTQSMxzDWmT0zhguthvegnVkn7CFqGCv4IHCzk5ZUpM=",
        "owner": "nix-community",
        "repo": "nixpkgs.lib",
        "rev": "596e2e3940e09b2abbeb03f75fa1828c57fcd72c",
        "type": "github"
      },
      "original": {
        "owner": "nix-community",
        "repo": "nixpkgs.lib",
        "type": "github"
      }
    },
    "nixpkgs-lib_2": {
      "locked": {
        "lastModified": 1788057806,
        "narHash": "sha256-DTQSMxzDWmT0zhguthvegnVkn7CFqGCv4IHCzk5ZUpM=",
        "owner": "nix-community",
        "repo": "nixpkgs.lib",
        "rev": "596e2e3940e09b2abbeb03f75fa1828c57fcd72c",
        "type": "github"
      },
      "original": {
        "owner": "nix-community",
        "repo": "nixpkgs.lib",
        "type": "github"
      }
    },
    "nixpkgs-lib_3": {
      "locked": {
        "lastModified": 1772328832,
        "narHash": "sha256-e+/T/pmEkLP6BHhYjx6GmwP5ivonQQn0bJdH9YrRB+Q=",
        "owner": "nix-community",
        "repo": "nixpkgs.lib",
        "rev": "c185c7a5e5dd8f9add5b2f8ebeff00888b070742",
        "type": "github"
      },
      "original": {
        "owner": "nix-community",
        "repo": "nixpkgs.lib",
        "type": "github"
      }
    },
    "nixpkgs_2": {
      "locked": {
        "lastModified": 1767012506,
        "narHash": "sha256-bkTWmsS12pVUOvzS0/9+zDJeBENbMdcIqtwrEVgv2SY=",
        "owner": "NixOS",
        "repo": "nixpkgs",
        "rev": "ced569a0a24151f1259a82b30845839d342db58b",
        "type": "github"
      },
      "original": {
        "owner": "NixOS",
        "repo": "nixpkgs",
        "rev": "ced569a0a24151f1259a82b30845839d342db58b",
        "type": "github"
      }
    },
    "nixpkgs_3": {
      "locked": {
        "lastModified": 1767012506,
        "narHash": "sha256-bkTWmsS12pVUOvzS0/9+zDJeBENbMdcIqtwrEVgv2SY=",
        "owner": "NixOS",
        "repo": "nixpkgs",
        "rev": "ced569a0a24151f1259a82b30845839d342db58b",
        "type": "github"
      },
      "original": {
        "owner": "NixOS",
        "repo": "nixpkgs",
        "rev": "ced569a0a24151f1259a82b30845839d342db58b",
        "type": "github"
      }
    },
    "nixpkgs_4": {
      "locked": {
        "lastModified": 1767012506,
        "narHash": "sha256-bkTWmsS12pVUOvzS0/9+zDJeBENbMdcIqtwrEVgv2SY=",
        "owner": "NixOS",
        "repo": "nixpkgs",
        "rev": "ced569a0a24151f1259a82b30845839d342db58b",
        "type": "github"
      },
      "original": {
        "owner": "NixOS",
        "repo": "nixpkgs",
        "rev": "ced569a0a24151f1259a82b30845839d342db58b",
        "type": "github"
      }
    },
    "nixpkgs_5": {
      "locked": {
        "lastModified": 1767012506,
        "narHash": "sha256-bkTWmsS12pVUOvzS0/9+zDJeBENbMdcIqtwrEVgv2SY=",
        "owner": "NixOS",
        "repo": "nixpkgs",
        "rev": "ced569a0a24151f1259a82b30845839d342db58b",
        "type": "github"
      },
      "original": {
        "owner": "NixOS",
        "repo": "nixpkgs",
        "type": "github"
      }
    },
    "pointy-lang": {
      "inputs": {
        "fixtures": "fixtures",
        "nixpkgs": "nixpkgs_3",
        "pointy-lang-stdlib": "pointy-lang-stdlib",
        "pointy-stdlib": "pointy-stdlib"
      },
      "locked": {
        "lastModified": 0,
        "narHash": "sha256-zYj9hVtecBGdX9ds9V+V+zDDoIaGFtR1mzht7ussfPo=",
        "path": "/root/src/pointy-lang",
        "type": "path"
      },
      "original": {
        "path": "/root/src/pointy-lang",
        "type": "path"
      }
    },
    "pointy-lang-stdlib": {
      "inputs": {
        "flake-parts": "flake-parts_2",
        "nixpkgs": "nixpkgs_4"
      },
      "locked": {
        "lastModified": 1788814632,
        "narHash": "sha256-Fm16SiKlXU+mFgwwx2w/+B8gHR52v5g905YnLXBdUy8=",
        "path": "/root/src/pointy-lang-stdlib",
        "type": "path"
      },
      "original": {
        "path": "/root/src/pointy-lang-stdlib",
        "type": "path"
      }
    },
    "pointy-stdlib": {
      "inputs": {
        "flake-parts": "flake-parts_3",
        "nixpkgs": "nixpkgs_5"
      },
      "locked": {
        "lastModified": 1788822980,
        "narHash": "sha256-EKsdD7vca5UDuXsEHK+f7QKb4Krg8xb383cN3iB8DXQ=",
        "path": "/root/src/pointy-stdlib",
        "type": "path"
      },
      "original": {
        "path": "/root/src/pointy-stdlib",
        "type": "path"
      }
    },
    "root": {
      "inputs": {
        "flake-parts": "flake-parts",
        "nixpkgs": "nixpkgs",
        "pointy-lang": "pointy-lang"
      }
    }
  },
  "root": "root",
  "version": 7
}
