{
  "nodes": {
    "fixtures": {
      "inputs": {
        "nixpkgs": [
          "pointy-lang",
          "nixpkgs"
        ]
      },
      "locked": {
        "lastModified": 1788955984,
        "narHash": "sha256-Scyu2rohghLD9spblH3LAqkGAgE33pCADzLCiW/t6YQ=",
        "path": "/root/src/pointy-lang/fixtures/flake",
        "type": "path"
      },
      "original": {
        "path": "/root/src/pointy-lang/fixtures/flake",
        "type": "path"
      }
    },
    "flake-parts": {
      "inputs": {
        "nixpkgs-lib": [
          "nixpkgs"
        ]
      },
      "locked": {
        "lastModified": 1788450739,
        "narHash": "sha256-glZLQlzIn1fXH6PazR2iUmTo7kzzyYSshrWhLS9TqCU=",
        "owner": "hercules-ci",
        "repo": "flake-parts",
        "rev": "31729ca8cbdb4fa927b34e5f4353e6a83f39e993",
        "type": "github"
      },
      "original": {
        "owner": "hercules-ci",
        "repo": "flake-parts",
        "type": "github"
      }
    },
    "nixpkgs": {
      "locked": {
        "lastModified": 1788823811,
        "narHash": "sha256-EDg/CJvIqSnCobkTcrzNx49gQtLGKqSnjVJy+H1Bxrw=",
        "owner": "NixOS",
        "repo": "nixpkgs",
        "rev": "15721fe9a43a1548816cd235ae287eca32608452",
        "type": "github"
      },
      "original": {
        "owner": "NixOS",
        "repo": "nixpkgs",
        "type": "github"
      }
    },
    "pointy-lang": {
      "inputs": {
        "fixtures": "fixtures",
        "nixpkgs": [
          "nixpkgs"
        ],
        "pointy-lang-stdlib": "pointy-lang-stdlib"
      },
      "locked": {
        "lastModified": 0,
        "narHash": "sha256-gGbrdsRq+WjunB8HatDS/wwec16u+eFpZ7Tx4DBl2Xg=",
        "path": "/root/src/pointy-lang",
        "type": "path"
      },
      "original": {
        "path": "/root/src/pointy-lang",
        "type": "path"
      }
    },
    "pointy-lang-stdlib": {
      "flake": false,
      "locked": {
        "lastModified": 1788956473,
        "narHash": "sha256-FgYmDElFEDtqHkCgj9UEoCWfud1z+kTCMa3jlUsD9Ok=",
        "path": "/root/src/pointy-lang-stdlib",
        "type": "path"
      },
      "original": {
        "path": "/root/src/pointy-lang-stdlib",
        "type": "path"
      }
    },
    "root": {
      "inputs": {
        "flake-parts": "flake-parts",
        "nixpkgs": "nixpkgs",
        "pointy-lang": "pointy-lang"
      }
    }
  },
  "root": "root",
  "version": 7
}
